
Microsoft Visual Studio Solution File, Format Version 12.00
# Visual Studio Version 17
VisualStudioVersion = 17.5.33530.505
MinimumVisualStudioVersion = 10.0.40219.1
Project("{9A19103F-16F7-4668-BE54-9A1E7A4F7556}") = "TodoList", "TodoList\TodoList.csproj", "{1CEEB1C5-023F-4999-8449-6A463D24B035}"
EndProject
Global
	GlobalSection(SolutionConfigurationPlatforms) = preSolution
		Debug|Any CPU = Debug|Any CPU
		Release|Any CPU = Release|Any CPU
	EndGlobalSection
	GlobalSection(ProjectConfigurationPlatforms) = postSolution
		{1CEEB1C5-023F-4999-8449-6A463D24B035}.Debug|Any CPU.ActiveCfg = Debug|Any CPU
		{1CEEB1C5-023F-4999-8449-6A463D24B035}.Debug|Any CPU.Build.0 = Debug|Any CPU
		{1CEEB1C5-023F-4999-8449-6A463D24B035}.Release|Any CPU.ActiveCfg = Release|Any CPU
		{1CEEB1C5-023F-4999-8449-6A463D24B035}.Release|Any CPU.Build.0 = Release|Any CPU
	EndGlobalSection
	GlobalSection(SolutionProperties) = preSolution
		HideSolutionNode = FALSE
	EndGlobalSection
	GlobalSection(ExtensibilityGlobals) = postSolution
		SolutionGuid = {8B299BAE-13CC-442B-A305-2B3EF4514A99}
	EndGlobalSection
EndGlobal
